{
  "name": "salesforce-app",
  "version": "1.0.0",
  "lockfileVersion": 1,
  "requires": true,
  "dependencies": {
    "sfdc-pkg-postinstall": {
      "version": "1.0.0",
      "resolved": "https://registry.npmjs.org/sfdc-pkg-postinstall/-/sfdc-pkg-postinstall-1.0.0.tgz",
      "integrity": "sha1-XdjdYBF2zz8GSiEWbE2pN3VDm+8="
    },
    "sfdc-trigger-framework": {
      "version": "1.3.0",
      "resolved": "https://registry.npmjs.org/sfdc-trigger-framework/-/sfdc-trigger-framework-1.3.0.tgz",
      "integrity": "sha1-Dm3WfzwNtSLPINpOMIQH/xLZ9qI=",
      "requires": {
        "sfdc-pkg-postinstall": "^1.0.0"
      }
    }
  }
}
